
Microsoft Visual Studio Solution File, Format Version 12.00
# Visual Studio Version 17
VisualStudioVersion = 17.7.34024.191
MinimumVisualStudioVersion = 10.0.40219.1
Project("{8BC9CEB8-8B4A-11D0-8D11-00A0C91BC942}") = "АП_КН-2327Б_Видиш_ЛР-07.2", "АП_КН-2327Б_Видиш_ЛР-07.2\АП_КН-2327Б_Видиш_ЛР-07.2.vcxproj", "{2EDDAC85-D343-4721-B5BF-C09BFB7393B8}"
EndProject
Project("{8BC9CEB8-8B4A-11D0-8D11-00A0C91BC942}") = "UnitTest1", "UnitTest1\UnitTest1.vcxproj", "{327F2E9A-0E83-45BB-B045-E11D74CD3383}"
EndProject
Global
	GlobalSection(SolutionConfigurationPlatforms) = preSolution
		Debug|x64 = Debug|x64
		Debug|x86 = Debug|x86
		Release|x64 = Release|x64
		Release|x86 = Release|x86
	EndGlobalSection
	GlobalSection(ProjectConfigurationPlatforms) = postSolution
		{2EDDAC85-D343-4721-B5BF-C09BFB7393B8}.Debug|x64.ActiveCfg = Debug|x64
		{2EDDAC85-D343-4721-B5BF-C09BFB7393B8}.Debug|x64.Build.0 = Debug|x64
		{2EDDAC85-D343-4721-B5BF-C09BFB7393B8}.Debug|x86.ActiveCfg = Debug|Win32
		{2EDDAC85-D343-4721-B5BF-C09BFB7393B8}.Debug|x86.Build.0 = Debug|Win32
		{2EDDAC85-D343-4721-B5BF-C09BFB7393B8}.Release|x64.ActiveCfg = Release|x64
		{2EDDAC85-D343-4721-B5BF-C09BFB7393B8}.Release|x64.Build.0 = Release|x64
		{2EDDAC85-D343-4721-B5BF-C09BFB7393B8}.Release|x86.ActiveCfg = Release|Win32
		{2EDDAC85-D343-4721-B5BF-C09BFB7393B8}.Release|x86.Build.0 = Release|Win32
		{327F2E9A-0E83-45BB-B045-E11D74CD3383}.Debug|x64.ActiveCfg = Debug|x64
		{327F2E9A-0E83-45BB-B045-E11D74CD3383}.Debug|x64.Build.0 = Debug|x64
		{327F2E9A-0E83-45BB-B045-E11D74CD3383}.Debug|x86.ActiveCfg = Debug|Win32
		{327F2E9A-0E83-45BB-B045-E11D74CD3383}.Debug|x86.Build.0 = Debug|Win32
		{327F2E9A-0E83-45BB-B045-E11D74CD3383}.Release|x64.ActiveCfg = Release|x64
		{327F2E9A-0E83-45BB-B045-E11D74CD3383}.Release|x64.Build.0 = Release|x64
		{327F2E9A-0E83-45BB-B045-E11D74CD3383}.Release|x86.ActiveCfg = Release|Win32
		{327F2E9A-0E83-45BB-B045-E11D74CD3383}.Release|x86.Build.0 = Release|Win32
	EndGlobalSection
	GlobalSection(SolutionProperties) = preSolution
		HideSolutionNode = FALSE
	EndGlobalSection
	GlobalSection(ExtensibilityGlobals) = postSolution
		SolutionGuid = {77F70C56-96C5-43AE-AB50-95FBE4A50ADB}
	EndGlobalSection
EndGlobal
